
Microsoft Visual Studio Solution File, Format Version 12.00
# Visual Studio 14
VisualStudioVersion = 14.0.24720.0
MinimumVisualStudioVersion = 10.0.40219.1
Project("{FAE04EC0-301F-11D3-BF4B-00C04F79EFBC}") = "streamreader", "streamreader\streamreader.csproj", "{6DA3BD6C-C43A-4E5B-8AAC-A3C7DEB1D05E}"
EndProject
Project("{FAE04EC0-301F-11D3-BF4B-00C04F79EFBC}") = "filestream", "..\filestream\filestream\filestream.csproj", "{19289316-DB7F-44B7-A86C-CA2D7BB78C3C}"
EndProject
Global
	GlobalSection(SolutionConfigurationPlatforms) = preSolution
		Debug|Any CPU = Debug|Any CPU
		Release|Any CPU = Release|Any CPU
	EndGlobalSection
	GlobalSection(ProjectConfigurationPlatforms) = postSolution
		{6DA3BD6C-C43A-4E5B-8AAC-A3C7DEB1D05E}.Debug|Any CPU.ActiveCfg = Debug|Any CPU
		{6DA3BD6C-C43A-4E5B-8AAC-A3C7DEB1D05E}.Debug|Any CPU.Build.0 = Debug|Any CPU
		{6DA3BD6C-C43A-4E5B-8AAC-A3C7DEB1D05E}.Release|Any CPU.ActiveCfg = Release|Any CPU
		{6DA3BD6C-C43A-4E5B-8AAC-A3C7DEB1D05E}.Release|Any CPU.Build.0 = Release|Any CPU
		{19289316-DB7F-44B7-A86C-CA2D7BB78C3C}.Debug|Any CPU.ActiveCfg = Debug|Any CPU
		{19289316-DB7F-44B7-A86C-CA2D7BB78C3C}.Debug|Any CPU.Build.0 = Debug|Any CPU
		{19289316-DB7F-44B7-A86C-CA2D7BB78C3C}.Release|Any CPU.ActiveCfg = Release|Any CPU
		{19289316-DB7F-44B7-A86C-CA2D7BB78C3C}.Release|Any CPU.Build.0 = Release|Any CPU
	EndGlobalSection
	GlobalSection(SolutionProperties) = preSolution
		HideSolutionNode = FALSE
	EndGlobalSection
EndGlobal
